{
  "name": "grupna-praksa-maj-2024",
  "lockfileVersion": 3,
  "requires": true,
  "packages": {
    "": {
      "dependencies": {
        "@azure/msal-browser": "^3.14.0"
      }
    },
    "node_modules/@azure/msal-browser": {
      "version": "3.14.0",
      "resolved": "https://registry.npmjs.org/@azure/msal-browser/-/msal-browser-3.14.0.tgz",
      "integrity": "sha512-Un85LhOoecJ3HDTS3Uv3UWnXC9/43ZSO+Kc+anSqpZvcEt58SiO/3DuVCAe1A3I5UIBYJNMgTmZPGXQ0MVYrwA==",
      "dependencies": {
        "@azure/msal-common": "14.10.0"
      },
      "engines": {
        "node": ">=0.8.0"
      }
    },
    "node_modules/@azure/msal-common": {
      "version": "14.10.0",
      "resolved": "https://registry.npmjs.org/@azure/msal-common/-/msal-common-14.10.0.tgz",
      "integrity": "sha512-Zk6DPDz7e1wPgLoLgAp0349Yay9RvcjPM5We/ehuenDNsz/t9QEFI7tRoHpp/e47I4p20XE3FiDlhKwAo3utDA==",
      "engines": {
        "node": ">=0.8.0"
      }
    }
  }
}
